{
  "name": "tinymce",
  "lockfileVersion": 3,
  "requires": true,
  "packages": {
    "": {
      "hasInstallScript": true,
      "dependencies": {
        "tinymce": "^6",
        "tinymce-i18n": "^23.9.11"
      }
    },
    "node_modules/tinymce": {
      "version": "6.8.3",
      "resolved": "https://registry.npmjs.org/tinymce/-/tinymce-6.8.3.tgz",
      "integrity": "sha512-3fCHKAeqT+xNwBVESf6iDbDV0VNwZNmfrkx9c/6Gz5iB8piMfaO6s7FvoiTrj1hf1gVbfyLTnz1DooI6DhgINQ==",
      "license": "MIT"
    },
    "node_modules/tinymce-i18n": {
      "version": "23.12.19",
      "resolved": "https://registry.npmjs.org/tinymce-i18n/-/tinymce-i18n-23.12.19.tgz",
      "integrity": "sha512-z73zjNgzNRgiJsO1g6sBHnp5pqLquVhaK+7+9aeZR5w5/kV36YxJAFbaN6qo/8TXwygPctkMnJTxiRR8n+ZYIQ==",
      "license": "MIT"
    }
  }
}
