# THIS IS AN AUTOGENERATED FILE. DO NOT EDIT THIS FILE DIRECTLY.
# yarn lockfile v1


tinymce-i18n@^23.9.11:
  version "23.10.9"
  resolved "https://registry.yarnpkg.com/tinymce-i18n/-/tinymce-i18n-23.10.9.tgz#1b686f6235e7053d8bc235a1f5a74be7c4998a87"
  integrity sha512-CwO5pbfhO+GzFXMkTxzV1G8JSSY9mu8lkXQ53nuGBB57m5YqN+jLDz2NZZiFIZ76OZauGf4hjrcIxyZlggpuZg==

tinymce@^6:
  version "6.7.2"
  resolved "https://registry.yarnpkg.com/tinymce/-/tinymce-6.7.2.tgz#39b077d26c171cb41341b2eef126e7811bb78697"
  integrity sha512-6h/02jHmXyghekFzmzccZxUUEFtlPEKHxOd+gd49bjno3ybavZInPIaDd/pp2GeEwsFm20oGgJCL7UiebXm9dw==
