# THIS IS AN AUTOGENERATED FILE. DO NOT EDIT THIS FILE DIRECTLY.
# yarn lockfile v1


tinymce-i18n@^23.9.11:
  version "23.12.19"
  resolved "https://registry.yarnpkg.com/tinymce-i18n/-/tinymce-i18n-23.12.19.tgz#223ccd54f71f8b857b92f30bb037607f565a5e55"
  integrity sha512-z73zjNgzNRgiJsO1g6sBHnp5pqLquVhaK+7+9aeZR5w5/kV36YxJAFbaN6qo/8TXwygPctkMnJTxiRR8n+ZYIQ==

tinymce@^7:
  version "7.0.0"
  resolved "https://registry.yarnpkg.com/tinymce/-/tinymce-7.0.0.tgz#d35441e15f8011cf549b39e58b64648798816e92"
  integrity sha512-ggXLfTRrUALAcjeJSRrZcJDOl6MgC2tPXe/zNOEkQXvTDgcKqFypPRoPpfpK5wejexjyaI/7dwETOntJ5MPBFg==
