# THIS IS AN AUTOGENERATED FILE. DO NOT EDIT THIS FILE DIRECTLY.
# yarn lockfile v1


tinymce-i18n@^23.9.11:
  version "23.10.9"
  resolved "https://registry.yarnpkg.com/tinymce-i18n/-/tinymce-i18n-23.10.9.tgz#1b686f6235e7053d8bc235a1f5a74be7c4998a87"
  integrity sha512-CwO5pbfhO+GzFXMkTxzV1G8JSSY9mu8lkXQ53nuGBB57m5YqN+jLDz2NZZiFIZ76OZauGf4hjrcIxyZlggpuZg==

tinymce@^6:
  version "6.7.3"
  resolved "https://registry.yarnpkg.com/tinymce/-/tinymce-6.7.3.tgz#6289c5c7ec7298a84a7890ab866d88a193fa549a"
  integrity sha512-J7WmYIi/gt1RvZ6Ap2oQiUjzAoiS9pfV+d4GnKuZuPu8agmlAEAInNmMvMjfCNBzHv4JnZXY7qlHUAI0IuYQVA==
